version = 1
revision = 1
requires-python = ">=3.13"

[[package]]
name = "clawmind"
version = "0.1.0"
source = { virtual = "." }
dependencies = [
    { name = "flashtext" },
]

[package.metadata]
requires-dist = [{ name = "flashtext", specifier = ">=2.7" }]

[[package]]
name = "flashtext"
version = "2.7"
source = { registry = "https://pypi.org/simple" }
sdist = { url = "https://files.pythonhosted.org/packages/81/d8/2cd0656eae456d615c2f1efbcae8dfca2cb871a31f34ba8925aba47d5e09/flashtext-2.7.tar.gz", hash = "sha256:a1be2b93e09d4f0deee4aad72b91a7127b61fb8b8034ca9a9c78ea745d8b05cf", size = 14536 }
