version = 1
revision = 1
requires-python = ">=3.13"

[[package]]
name = "clawmind"
version = "0.1.2"
source = { editable = "." }
dependencies = [
    { name = "flashtext" },
    { name = "tzdata" },
]

[package.metadata]
requires-dist = [
    { name = "flashtext", specifier = ">=2.7" },
    { name = "tzdata", specifier = ">=2025.2" },
]

[[package]]
name = "flashtext"
version = "2.7"
source = { registry = "https://pypi.org/simple" }
sdist = { url = "https://files.pythonhosted.org/packages/81/d8/2cd0656eae456d615c2f1efbcae8dfca2cb871a31f34ba8925aba47d5e09/flashtext-2.7.tar.gz", hash = "sha256:a1be2b93e09d4f0deee4aad72b91a7127b61fb8b8034ca9a9c78ea745d8b05cf", size = 14536 }

[[package]]
name = "tzdata"
version = "2026.1"
source = { registry = "https://pypi.org/simple" }
sdist = { url = "https://files.pythonhosted.org/packages/19/f5/cd531b2d15a671a40c0f66cf06bc3570a12cd56eef98960068ebbad1bf5a/tzdata-2026.1.tar.gz", hash = "sha256:67658a1903c75917309e753fdc349ac0efd8c27db7a0cb406a25be4840f87f98", size = 197639 }
wheels = [
    { url = "https://files.pythonhosted.org/packages/b0/70/d460bd685a170790ec89317e9bd33047988e4bce507b831f5db771e142de/tzdata-2026.1-py2.py3-none-any.whl", hash = "sha256:4b1d2be7ac37ceafd7327b961aa3a54e467efbdb563a23655fbfe0d39cfc42a9", size = 348952 },
]
